// !$*UTF8*$!
{
	archiveVersion = 1;
	classes = {
	};
	objectVersion = 56;
	objects = {

/* Begin PBXBuildFile section */
		F426405E2AC5F855008F3C06 /* AppDelegate.swift in Sources */ = {isa = PBXBuildFile; fileRef = F426405D2AC5F855008F3C06 /* AppDelegate.swift */; };
		F42640602AC5F855008F3C06 /* SceneDelegate.swift in Sources */ = {isa = PBXBuildFile; fileRef = F426405F2AC5F855008F3C06 /* SceneDelegate.swift */; };
		F42640622AC5F855008F3C06 /* ViewController.swift in Sources */ = {isa = PBXBuildFile; fileRef = F42640612AC5F855008F3C06 /* ViewController.swift */; };
		F42640652AC5F855008F3C06 /* Main.storyboard in Resources */ = {isa = PBXBuildFile; fileRef = F42640632AC5F855008F3C06 /* Main.storyboard */; };
		F42640672AC5F856008F3C06 /* Assets.xcassets in Resources */ = {isa = PBXBuildFile; fileRef = F42640662AC5F856008F3C06 /* Assets.xcassets */; };
		F426406A2AC5F856008F3C06 /* LaunchScreen.storyboard in Resources */ = {isa = PBXBuildFile; fileRef = F42640682AC5F856008F3C06 /* LaunchScreen.storyboard */; };
		F42640752AC5F856008F3C06 /* Food_CountTests.swift in Sources */ = {isa = PBXBuildFile; fileRef = F42640742AC5F856008F3C06 /* Food_CountTests.swift */; };
		F426407F2AC5F856008F3C06 /* Food_CountUITests.swift in Sources */ = {isa = PBXBuildFile; fileRef = F426407E2AC5F856008F3C06 /* Food_CountUITests.swift */; };
		F42640812AC5F856008F3C06 /* Food_CountUITestsLaunchTests.swift in Sources */ = {isa = PBXBuildFile; fileRef = F42640802AC5F856008F3C06 /* Food_CountUITestsLaunchTests.swift */; };
/* End PBXBuildFile section */

/* Begin PBXContainerItemProxy section */
		F42640712AC5F856008F3C06 /* PBXContainerItemProxy */ = {
			isa = PBXContainerItemProxy;
			containerPortal = F42640522AC5F855008F3C06 /* Project object */;
			proxyType = 1;
			remoteGlobalIDString = F42640592AC5F855008F3C06;
			remoteInfo = "Food Count";
		};
		F426407B2AC5F856008F3C06 /* PBXContainerItemProxy */ = {
			isa = PBXContainerItemProxy;
			containerPortal = F42640522AC5F855008F3C06 /* Project object */;
			proxyType = 1;
			remoteGlobalIDString = F42640592AC5F855008F3C06;
			remoteInfo = "Food Count";
		};
/* End PBXContainerItemProxy section */

/* Begin PBXFileReference section */
		F426405A2AC5F855008F3C06 /* Food Count.app */ = {isa = PBXFileReference; explicitFileType = wrapper.application; includeInIndex = 0; path = "Food Count.app"; sourceTree = BUILT_PRODUCTS_DIR; };
		F426405D2AC5F855008F3C06 /* AppDelegate.swift */ = {isa = PBXFileReference; lastKnownFileType = sourcecode.swift; path = AppDelegate.swift; sourceTree = "<group>"; };
		F426405F2AC5F855008F3C06 /* SceneDelegate.swift */ = {isa = PBXFileReference; lastKnownFileType = sourcecode.swift; path = SceneDelegate.swift; sourceTree = "<group>"; };
		F42640612AC5F855008F3C06 /* ViewController.swift */ = {isa = PBXFileReference; lastKnownFileType = sourcecode.swift; path = ViewController.swift; sourceTree = "<group>"; };
		F42640642AC5F855008F3C06 /* Base */ = {isa = PBXFileReference; lastKnownFileType = file.storyboard; name = Base; path = Base.lproj/Main.storyboard; sourceTree = "<group>"; };
		F42640662AC5F856008F3C06 /* Assets.xcassets */ = {isa = PBXFileReference; lastKnownFileType = folder.assetcatalog; path = Assets.xcassets; sourceTree = "<group>"; };
		F42640692AC5F856008F3C06 /* Base */ = {isa = PBXFileReference; lastKnownFileType = file.storyboard; name = Base; path = Base.lproj/LaunchScreen.storyboard; sourceTree = "<group>"; };
		F426406B2AC5F856008F3C06 /* Info.plist */ = {isa = PBXFileReference; lastKnownFileType = text.plist.xml; path = Info.plist; sourceTree = "<group>"; };
		F42640702AC5F856008F3C06 /* Food CountTests.xctest */ = {isa = PBXFileReference; explicitFileType = wrapper.cfbundle; includeInIndex = 0; path = "Food CountTests.xctest"; sourceTree = BUILT_PRODUCTS_DIR; };
		F42640742AC5F856008F3C06 /* Food_CountTests.swift */ = {isa = PBXFileReference; lastKnownFileType = sourcecode.swift; path = Food_CountTests.swift; sourceTree = "<group>"; };
		F426407A2AC5F856008F3C06 /* Food CountUITests.xctest */ = {isa = PBXFileReference; explicitFileType = wrapper.cfbundle; includeInIndex = 0; path = "Food CountUITests.xctest"; sourceTree = BUILT_PRODUCTS_DIR; };
		F426407E2AC5F856008F3C06 /* Food_CountUITests.swift */ = {isa = PBXFileReference; lastKnownFileType = sourcecode.swift; path = Food_CountUITests.swift; sourceTree = "<group>"; };
		F42640802AC5F856008F3C06 /* Food_CountUITestsLaunchTests.swift */ = {isa = PBXFileReference; lastKnownFileType = sourcecode.swift; path = Food_CountUITestsLaunchTests.swift; sourceTree = "<group>"; };
/* End PBXFileReference section */

/* Begin PBXFrameworksBuildPhase section */
		F42640572AC5F855008F3C06 /* Frameworks */ = {
			isa = PBXFrameworksBuildPhase;
			buildActionMask = 2147483647;
			files = (
			);
			runOnlyForDeploymentPostprocessing = 0;
		};
		F426406D2AC5F856008F3C06 /* Frameworks */ = {
			isa = PBXFrameworksBuildPhase;
			buildActionMask = 2147483647;
			files = (
			);
			runOnlyForDeploymentPostprocessing = 0;
		};
		F42640772AC5F856008F3C06 /* Frameworks */ = {
			isa = PBXFrameworksBuildPhase;
			buildActionMask = 2147483647;
			files = (
			);
			runOnlyForDeploymentPostprocessing = 0;
		};
/* End PBXFrameworksBuildPhase section */

/* Begin PBXGroup section */
		F42640512AC5F855008F3C06 = {
			isa = PBXGroup;
			children = (
				F426405C2AC5F855008F3C06 /* Food Count */,
				F42640732AC5F856008F3C06 /* Food CountTests */,
				F426407D2AC5F856008F3C06 /* Food CountUITests */,
				F426405B2AC5F855008F3C06 /* Products */,
			);
			sourceTree = "<group>";
		};
		F426405B2AC5F855008F3C06 /* Products */ = {
			isa = PBXGroup;
			children = (
				F426405A2AC5F855008F3C06 /* Food Count.app */,
				F42640702AC5F856008F3C06 /* Food CountTests.xctest */,
				F426407A2AC5F856008F3C06 /* Food CountUITests.xctest */,
			);
			name = Products;
			sourceTree = "<group>";
		};
		F426405C2AC5F855008F3C06 /* Food Count */ = {
			isa = PBXGroup;
			children = (
				F426405D2AC5F855008F3C06 /* AppDelegate.swift */,
				F426405F2AC5F855008F3C06 /* SceneDelegate.swift */,
				F42640612AC5F855008F3C06 /* ViewController.swift */,
				F42640632AC5F855008F3C06 /* Main.storyboard */,
				F42640662AC5F856008F3C06 /* Assets.xcassets */,
				F42640682AC5F856008F3C06 /* LaunchScreen.storyboard */,
				F426406B2AC5F856008F3C06 /* Info.plist */,
			);
			path = "Food Count";
			sourceTree = "<group>";
		};
		F42640732AC5F856008F3C06 /* Food CountTests */ = {
			isa = PBXGroup;
			children = (
				F42640742AC5F856008F3C06 /* Food_CountTests.swift */,
			);
			path = "Food CountTests";
			sourceTree = "<group>";
		};
		F426407D2AC5F856008F3C06 /* Food CountUITests */ = {
			isa = PBXGroup;
			children = (
				F426407E2AC5F856008F3C06 /* Food_CountUITests.swift */,
				F42640802AC5F856008F3C06 /* Food_CountUITestsLaunchTests.swift */,
			);
			path = "Food CountUITests";
			sourceTree = "<group>";
		};
/* End PBXGroup section */

/* Begin PBXNativeTarget section */
		F42640592AC5F855008F3C06 /* Food Count */ = {
			isa = PBXNativeTarget;
			buildConfigurationList = F42640842AC5F856008F3C06 /* Build configuration list for PBXNativeTarget "Food Count" */;
			buildPhases = (
				F42640562AC5F855008F3C06 /* Sources */,
				F42640572AC5F855008F3C06 /* Frameworks */,
				F42640582AC5F855008F3C06 /* Resources */,
			);
			buildRules = (
			);
			dependencies = (
			);
			name = "Food Count";
			productName = "Food Count";
			productReference = F426405A2AC5F855008F3C06 /* Food Count.app */;
			productType = "com.apple.product-type.application";
		};
		F426406F2AC5F856008F3C06 /* Food CountTests */ = {
			isa = PBXNativeTarget;
			buildConfigurationList = F42640872AC5F856008F3C06 /* Build configuration list for PBXNativeTarget "Food CountTests" */;
			buildPhases = (
				F426406C2AC5F856008F3C06 /* Sources */,
				F426406D2AC5F856008F3C06 /* Frameworks */,
				F426406E2AC5F856008F3C06 /* Resources */,
			);
			buildRules = (
			);
			dependencies = (
				F42640722AC5F856008F3C06 /* PBXTargetDependency */,
			);
			name = "Food CountTests";
			productName = "Food CountTests";
			productReference = F42640702AC5F856008F3C06 /* Food CountTests.xctest */;
			productType = "com.apple.product-type.bundle.unit-test";
		};
		F42640792AC5F856008F3C06 /* Food CountUITests */ = {
			isa = PBXNativeTarget;
			buildConfigurationList = F426408A2AC5F856008F3C06 /* Build configuration list for PBXNativeTarget "Food CountUITests" */;
			buildPhases = (
				F42640762AC5F856008F3C06 /* Sources */,
				F42640772AC5F856008F3C06 /* Frameworks */,
				F42640782AC5F856008F3C06 /* Resources */,
			);
			buildRules = (
			);
			dependencies = (
				F426407C2AC5F856008F3C06 /* PBXTargetDependency */,
			);
			name = "Food CountUITests";
			productName = "Food CountUITests";
			productReference = F426407A2AC5F856008F3C06 /* Food CountUITests.xctest */;
			productType = "com.apple.product-type.bundle.ui-testing";
		};
/* End PBXNativeTarget section */

/* Begin PBXProject section */
		F42640522AC5F855008F3C06 /* Project object */ = {
			isa = PBXProject;
			attributes = {
				BuildIndependentTargetsInParallel = 1;
				LastSwiftUpdateCheck = 1430;
				LastUpgradeCheck = 1430;
				TargetAttributes = {
					F42640592AC5F855008F3C06 = {
						CreatedOnToolsVersion = 14.3;
					};
					F426406F2AC5F856008F3C06 = {
						CreatedOnToolsVersion = 14.3;
						TestTargetID = F42640592AC5F855008F3C06;
					};
					F42640792AC5F856008F3C06 = {
						CreatedOnToolsVersion = 14.3;
						TestTargetID = F42640592AC5F855008F3C06;
					};
				};
			};
			buildConfigurationList = F42640552AC5F855008F3C06 /* Build configuration list for PBXProject "Food Count" */;
			compatibilityVersion = "Xcode 14.0";
			developmentRegion = en;
			hasScannedForEncodings = 0;
			knownRegions = (
				en,
				Base,
			);
			mainGroup = F42640512AC5F855008F3C06;
			productRefGroup = F426405B2AC5F855008F3C06 /* Products */;
			projectDirPath = "";
			projectRoot = "";
			targets = (
				F42640592AC5F855008F3C06 /* Food Count */,
				F426406F2AC5F856008F3C06 /* Food CountTests */,
				F42640792AC5F856008F3C06 /* Food CountUITests */,
			);
		};
/* End PBXProject section */

/* Begin PBXResourcesBuildPhase section */
		F42640582AC5F855008F3C06 /* Resources */ = {
			isa = PBXResourcesBuildPhase;
			buildActionMask = 2147483647;
			files = (
				F426406A2AC5F856008F3C06 /* LaunchScreen.storyboard in Resources */,
				F42640672AC5F856008F3C06 /* Assets.xcassets in Resources */,
				F42640652AC5F855008F3C06 /* Main.storyboard in Resources */,
			);
			runOnlyForDeploymentPostprocessing = 0;
		};
		F426406E2AC5F856008F3C06 /* Resources */ = {
			isa = PBXResourcesBuildPhase;
			buildActionMask = 2147483647;
			files = (
			);
			runOnlyForDeploymentPostprocessing = 0;
		};
		F42640782AC5F856008F3C06 /* Resources */ = {
			isa = PBXResourcesBuildPhase;
			buildActionMask = 2147483647;
			files = (
			);
			runOnlyForDeploymentPostprocessing = 0;
		};
/* End PBXResourcesBuildPhase section */

/* Begin PBXSourcesBuildPhase section */
		F42640562AC5F855008F3C06 /* Sources */ = {
			isa = PBXSourcesBuildPhase;
			buildActionMask = 2147483647;
			files = (
				F42640622AC5F855008F3C06 /* ViewController.swift in Sources */,
				F426405E2AC5F855008F3C06 /* AppDelegate.swift in Sources */,
				F42640602AC5F855008F3C06 /* SceneDelegate.swift in Sources */,
			);
			runOnlyForDeploymentPostprocessing = 0;
		};
		F426406C2AC5F856008F3C06 /* Sources */ = {
			isa = PBXSourcesBuildPhase;
			buildActionMask = 2147483647;
			files = (
				F42640752AC5F856008F3C06 /* Food_CountTests.swift in Sources */,
			);
			runOnlyForDeploymentPostprocessing = 0;
		};
		F42640762AC5F856008F3C06 /* Sources */ = {
			isa = PBXSourcesBuildPhase;
			buildActionMask = 2147483647;
			files = (
				F42640812AC5F856008F3C06 /* Food_CountUITestsLaunchTests.swift in Sources */,
				F426407F2AC5F856008F3C06 /* Food_CountUITests.swift in Sources */,
			);
			runOnlyForDeploymentPostprocessing = 0;
		};
/* End PBXSourcesBuildPhase section */

/* Begin PBXTargetDependency section */
		F42640722AC5F856008F3C06 /* PBXTargetDependency */ = {
			isa = PBXTargetDependency;
			target = F42640592AC5F855008F3C06 /* Food Count */;
			targetProxy = F42640712AC5F856008F3C06 /* PBXContainerItemProxy */;
		};
		F426407C2AC5F856008F3C06 /* PBXTargetDependency */ = {
			isa = PBXTargetDependency;
			target = F42640592AC5F855008F3C06 /* Food Count */;
			targetProxy = F426407B2AC5F856008F3C06 /* PBXContainerItemProxy */;
		};
/* End PBXTargetDependency section */

/* Begin PBXVariantGroup section */
		F42640632AC5F855008F3C06 /* Main.storyboard */ = {
			isa = PBXVariantGroup;
			children = (
				F42640642AC5F855008F3C06 /* Base */,
			);
			name = Main.storyboard;
			sourceTree = "<group>";
		};
		F42640682AC5F856008F3C06 /* LaunchScreen.storyboard */ = {
			isa = PBXVariantGroup;
			children = (
				F42640692AC5F856008F3C06 /* Base */,
			);
			name = LaunchScreen.storyboard;
			sourceTree = "<group>";
		};
/* End PBXVariantGroup section */

/* Begin XCBuildConfiguration section */
		F42640822AC5F856008F3C06 /* Debug */ = {
			isa = XCBuildConfiguration;
			buildSettings = {
				ALWAYS_SEARCH_USER_PATHS = NO;
				CLANG_ANALYZER_NONNULL = YES;
				CLANG_ANALYZER_NUMBER_OBJECT_CONVERSION = YES_AGGRESSIVE;
				CLANG_CXX_LANGUAGE_STANDARD = "gnu++20";
				CLANG_ENABLE_MODULES = YES;
				CLANG_ENABLE_OBJC_ARC = YES;
				CLANG_ENABLE_OBJC_WEAK = YES;
				CLANG_WARN_BLOCK_CAPTURE_AUTORELEASING = YES;
				CLANG_WARN_BOOL_CONVERSION = YES;
				CLANG_WARN_COMMA = YES;
				CLANG_WARN_CONSTANT_CONVERSION = YES;
				CLANG_WARN_DEPRECATED_OBJC_IMPLEMENTATIONS = YES;
				CLANG_WARN_DIRECT_OBJC_ISA_USAGE = YES_ERROR;
				CLANG_WARN_DOCUMENTATION_COMMENTS = YES;
				CLANG_WARN_EMPTY_BODY = YES;
				CLANG_WARN_ENUM_CONVERSION = YES;
				CLANG_WARN_INFINITE_RECURSION = YES;
				CLANG_WARN_INT_CONVERSION = YES;
				CLANG_WARN_NON_LITERAL_NULL_CONVERSION = YES;
				CLANG_WARN_OBJC_IMPLICIT_RETAIN_SELF = YES;
				CLANG_WARN_OBJC_LITERAL_CONVERSION = YES;
				CLANG_WARN_OBJC_ROOT_CLASS = YES_ERROR;
				CLANG_WARN_QUOTED_INCLUDE_IN_FRAMEWORK_HEADER = YES;
				CLANG_WARN_RANGE_LOOP_ANALYSIS = YES;
				CLANG_WARN_STRICT_PROTOTYPES = YES;
				CLANG_WARN_SUSPICIOUS_MOVE = YES;
				CLANG_WARN_UNGUARDED_AVAILABILITY = YES_AGGRESSIVE;
				CLANG_WARN_UNREACHABLE_CODE = YES;
				CLANG_WARN__DUPLICATE_METHOD_MATCH = YES;
				COPY_PHASE_STRIP = NO;
				DEBUG_INFORMATION_FORMAT = dwarf;
				ENABLE_STRICT_OBJC_MSGSEND = YES;
				ENABLE_TESTABILITY = YES;
				GCC_C_LANGUAGE_STANDARD = gnu11;
				GCC_DYNAMIC_NO_PIC = NO;
				GCC_NO_COMMON_BLOCKS = YES;
				GCC_OPTIMIZATION_LEVEL = 0;
				GCC_PREPROCESSOR_DEFINITIONS = (
					"DEBUG=1",
					"$(inherited)",
				);
				GCC_WARN_64_TO_32_BIT_CONVERSION = YES;
				GCC_WARN_ABOUT_RETURN_TYPE = YES_ERROR;
				GCC_WARN_UNDECLARED_SELECTOR = YES;
				GCC_WARN_UNINITIALIZED_AUTOS = YES_AGGRESSIVE;
				GCC_WARN_UNUSED_FUNCTION = YES;
				GCC_WARN_UNUSED_VARIABLE = YES;
				IPHONEOS_DEPLOYMENT_TARGET = 16.4;
				MTL_ENABLE_DEBUG_INFO = INCLUDE_SOURCE;
				MTL_FAST_MATH = YES;
				ONLY_ACTIVE_ARCH = YES;
				SDKROOT = iphoneos;
				SWIFT_ACTIVE_COMPILATION_CONDITIONS = DEBUG;
				SWIFT_OPTIMIZATION_LEVEL = "-Onone";
			};
			name = Debug;
		};
		F42640832AC5F856008F3C06 /* Release */ = {
			isa = XCBuildConfiguration;
			buildSettings = {
				ALWAYS_SEARCH_USER_PATHS = NO;
				CLANG_ANALYZER_NONNULL = YES;
				CLANG_ANALYZER_NUMBER_OBJECT_CONVERSION = YES_AGGRESSIVE;
				CLANG_CXX_LANGUAGE_STANDARD = "gnu++20";
				CLANG_ENABLE_MODULES = YES;
				CLANG_ENABLE_OBJC_ARC = YES;
				CLANG_ENABLE_OBJC_WEAK = YES;
				CLANG_WARN_BLOCK_CAPTURE_AUTORELEASING = YES;
				CLANG_WARN_BOOL_CONVERSION = YES;
				CLANG_WARN_COMMA = YES;
				CLANG_WARN_CONSTANT_CONVERSION = YES;
				CLANG_WARN_DEPRECATED_OBJC_IMPLEMENTATIONS = YES;
				CLANG_WARN_DIRECT_OBJC_ISA_USAGE = YES_ERROR;
				CLANG_WARN_DOCUMENTATION_COMMENTS = YES;
				CLANG_WARN_EMPTY_BODY = YES;
				CLANG_WARN_ENUM_CONVERSION = YES;
				CLANG_WARN_INFINITE_RECURSION = YES;
				CLANG_WARN_INT_CONVERSION = YES;
				CLANG_WARN_NON_LITERAL_NULL_CONVERSION = YES;
				CLANG_WARN_OBJC_IMPLICIT_RETAIN_SELF = YES;
				CLANG_WARN_OBJC_LITERAL_CONVERSION = YES;
				CLANG_WARN_OBJC_ROOT_CLASS = YES_ERROR;
				CLANG_WARN_QUOTED_INCLUDE_IN_FRAMEWORK_HEADER = YES;
				CLANG_WARN_RANGE_LOOP_ANALYSIS = YES;
				CLANG_WARN_STRICT_PROTOTYPES = YES;
				CLANG_WARN_SUSPICIOUS_MOVE = YES;
				CLANG_WARN_UNGUARDED_AVAILABILITY = YES_AGGRESSIVE;
				CLANG_WARN_UNREACHABLE_CODE = YES;
				CLANG_WARN__DUPLICATE_METHOD_MATCH = YES;
				COPY_PHASE_STRIP = NO;
				DEBUG_INFORMATION_FORMAT = "dwarf-with-dsym";
				ENABLE_NS_ASSERTIONS = NO;
				ENABLE_STRICT_OBJC_MSGSEND = YES;
				GCC_C_LANGUAGE_STANDARD = gnu11;
				GCC_NO_COMMON_BLOCKS = YES;
				GCC_WARN_64_TO_32_BIT_CONVERSION = YES;
				GCC_WARN_ABOUT_RETURN_TYPE = YES_ERROR;
				GCC_WARN_UNDECLARED_SELECTOR = YES;
				GCC_WARN_UNINITIALIZED_AUTOS = YES_AGGRESSIVE;
				GCC_WARN_UNUSED_FUNCTION = YES;
				GCC_WARN_UNUSED_VARIABLE = YES;
				IPHONEOS_DEPLOYMENT_TARGET = 16.4;
				MTL_ENABLE_DEBUG_INFO = NO;
				MTL_FAST_MATH = YES;
				SDKROOT = iphoneos;
				SWIFT_COMPILATION_MODE = wholemodule;
				SWIFT_OPTIMIZATION_LEVEL = "-O";
				VALIDATE_PRODUCT = YES;
			};
			name = Release;
		};
		F42640852AC5F856008F3C06 /* Debug */ = {
			isa = XCBuildConfiguration;
			buildSettings = {
				ASSETCATALOG_COMPILER_APPICON_NAME = AppIcon;
				ASSETCATALOG_COMPILER_GLOBAL_ACCENT_COLOR_NAME = AccentColor;
				CODE_SIGN_STYLE = Automatic;
				CURRENT_PROJECT_VERSION = 1;
				DEVELOPMENT_TEAM = A8QVKKQPMX;
				GENERATE_INFOPLIST_FILE = YES;
				INFOPLIST_FILE = "Food Count/Info.plist";
				INFOPLIST_KEY_UIApplicationSupportsIndirectInputEvents = YES;
				INFOPLIST_KEY_UILaunchStoryboardName = LaunchScreen;
				INFOPLIST_KEY_UIMainStoryboardFile = Main;
				INFOPLIST_KEY_UISupportedInterfaceOrientations_iPad = "UIInterfaceOrientationPortrait UIInterfaceOrientationPortraitUpsideDown UIInterfaceOrientationLandscapeLeft UIInterfaceOrientationLandscapeRight";
				INFOPLIST_KEY_UISupportedInterfaceOrientations_iPhone = "UIInterfaceOrientationPortrait UIInterfaceOrientationLandscapeLeft UIInterfaceOrientationLandscapeRight";
				LD_RUNPATH_SEARCH_PATHS = (
					"$(inherited)",
					"@executable_path/Frameworks",
				);
				MARKETING_VERSION = 1.0;
				PRODUCT_BUNDLE_IDENTIFIER = "ruh.ai.Food-Count";
				PRODUCT_NAME = "$(TARGET_NAME)";
				SWIFT_EMIT_LOC_STRINGS = YES;
				SWIFT_VERSION = 5.0;
				TARGETED_DEVICE_FAMILY = "1,2";
			};
			name = Debug;
		};
		F42640862AC5F856008F3C06 /* Release */ = {
			isa = XCBuildConfiguration;
			buildSettings = {
				ASSETCATALOG_COMPILER_APPICON_NAME = AppIcon;
				ASSETCATALOG_COMPILER_GLOBAL_ACCENT_COLOR_NAME = AccentColor;
				CODE_SIGN_STYLE = Automatic;
				CURRENT_PROJECT_VERSION = 1;
				DEVELOPMENT_TEAM = A8QVKKQPMX;
				GENERATE_INFOPLIST_FILE = YES;
				INFOPLIST_FILE = "Food Count/Info.plist";
				INFOPLIST_KEY_UIApplicationSupportsIndirectInputEvents = YES;
				INFOPLIST_KEY_UILaunchStoryboardName = LaunchScreen;
				INFOPLIST_KEY_UIMainStoryboardFile = Main;
				INFOPLIST_KEY_UISupportedInterfaceOrientations_iPad = "UIInterfaceOrientationPortrait UIInterfaceOrientationPortraitUpsideDown UIInterfaceOrientationLandscapeLeft UIInterfaceOrientationLandscapeRight";
				INFOPLIST_KEY_UISupportedInterfaceOrientations_iPhone = "UIInterfaceOrientationPortrait UIInterfaceOrientationLandscapeLeft UIInterfaceOrientationLandscapeRight";
				LD_RUNPATH_SEARCH_PATHS = (
					"$(inherited)",
					"@executable_path/Frameworks",
				);
				MARKETING_VERSION = 1.0;
				PRODUCT_BUNDLE_IDENTIFIER = "ruh.ai.Food-Count";
				PRODUCT_NAME = "$(TARGET_NAME)";
				SWIFT_EMIT_LOC_STRINGS = YES;
				SWIFT_VERSION = 5.0;
				TARGETED_DEVICE_FAMILY = "1,2";
			};
			name = Release;
		};
		F42640882AC5F856008F3C06 /* Debug */ = {
			isa = XCBuildConfiguration;
			buildSettings = {
				ALWAYS_EMBED_SWIFT_STANDARD_LIBRARIES = YES;
				BUNDLE_LOADER = "$(TEST_HOST)";
				CODE_SIGN_STYLE = Automatic;
				CURRENT_PROJECT_VERSION = 1;
				DEVELOPMENT_TEAM = A8QVKKQPMX;
				GENERATE_INFOPLIST_FILE = YES;
				IPHONEOS_DEPLOYMENT_TARGET = 16.4;
				MARKETING_VERSION = 1.0;
				PRODUCT_BUNDLE_IDENTIFIER = "ruh.ai.Food-CountTests";
				PRODUCT_NAME = "$(TARGET_NAME)";
				SWIFT_EMIT_LOC_STRINGS = NO;
				SWIFT_VERSION = 5.0;
				TARGETED_DEVICE_FAMILY = "1,2";
				TEST_HOST = "$(BUILT_PRODUCTS_DIR)/Food Count.app/$(BUNDLE_EXECUTABLE_FOLDER_PATH)/Food Count";
			};
			name = Debug;
		};
		F42640892AC5F856008F3C06 /* Release */ = {
			isa = XCBuildConfiguration;
			buildSettings = {
				ALWAYS_EMBED_SWIFT_STANDARD_LIBRARIES = YES;
				BUNDLE_LOADER = "$(TEST_HOST)";
				CODE_SIGN_STYLE = Automatic;
				CURRENT_PROJECT_VERSION = 1;
				DEVELOPMENT_TEAM = A8QVKKQPMX;
				GENERATE_INFOPLIST_FILE = YES;
				IPHONEOS_DEPLOYMENT_TARGET = 16.4;
				MARKETING_VERSION = 1.0;
				PRODUCT_BUNDLE_IDENTIFIER = "ruh.ai.Food-CountTests";
				PRODUCT_NAME = "$(TARGET_NAME)";
				SWIFT_EMIT_LOC_STRINGS = NO;
				SWIFT_VERSION = 5.0;
				TARGETED_DEVICE_FAMILY = "1,2";
				TEST_HOST = "$(BUILT_PRODUCTS_DIR)/Food Count.app/$(BUNDLE_EXECUTABLE_FOLDER_PATH)/Food Count";
			};
			name = Release;
		};
		F426408B2AC5F856008F3C06 /* Debug */ = {
			isa = XCBuildConfiguration;
			buildSettings = {
				ALWAYS_EMBED_SWIFT_STANDARD_LIBRARIES = YES;
				CODE_SIGN_STYLE = Automatic;
				CURRENT_PROJECT_VERSION = 1;
				DEVELOPMENT_TEAM = A8QVKKQPMX;
				GENERATE_INFOPLIST_FILE = YES;
				MARKETING_VERSION = 1.0;
				PRODUCT_BUNDLE_IDENTIFIER = "ruh.ai.Food-CountUITests";
				PRODUCT_NAME = "$(TARGET_NAME)";
				SWIFT_EMIT_LOC_STRINGS = NO;
				SWIFT_VERSION = 5.0;
				TARGETED_DEVICE_FAMILY = "1,2";
				TEST_TARGET_NAME = "Food Count";
			};
			name = Debug;
		};
		F426408C2AC5F856008F3C06 /* Release */ = {
			isa = XCBuildConfiguration;
			buildSettings = {
				ALWAYS_EMBED_SWIFT_STANDARD_LIBRARIES = YES;
				CODE_SIGN_STYLE = Automatic;
				CURRENT_PROJECT_VERSION = 1;
				DEVELOPMENT_TEAM = A8QVKKQPMX;
				GENERATE_INFOPLIST_FILE = YES;
				MARKETING_VERSION = 1.0;
				PRODUCT_BUNDLE_IDENTIFIER = "ruh.ai.Food-CountUITests";
				PRODUCT_NAME = "$(TARGET_NAME)";
				SWIFT_EMIT_LOC_STRINGS = NO;
				SWIFT_VERSION = 5.0;
				TARGETED_DEVICE_FAMILY = "1,2";
				TEST_TARGET_NAME = "Food Count";
			};
			name = Release;
		};
/* End XCBuildConfiguration section */

/* Begin XCConfigurationList section */
		F42640552AC5F855008F3C06 /* Build configuration list for PBXProject "Food Count" */ = {
			isa = XCConfigurationList;
			buildConfigurations = (
				F42640822AC5F856008F3C06 /* Debug */,
				F42640832AC5F856008F3C06 /* Release */,
			);
			defaultConfigurationIsVisible = 0;
			defaultConfigurationName = Release;
		};
		F42640842AC5F856008F3C06 /* Build configuration list for PBXNativeTarget "Food Count" */ = {
			isa = XCConfigurationList;
			buildConfigurations = (
				F42640852AC5F856008F3C06 /* Debug */,
				F42640862AC5F856008F3C06 /* Release */,
			);
			defaultConfigurationIsVisible = 0;
			defaultConfigurationName = Release;
		};
		F42640872AC5F856008F3C06 /* Build configuration list for PBXNativeTarget "Food CountTests" */ = {
			isa = XCConfigurationList;
			buildConfigurations = (
				F42640882AC5F856008F3C06 /* Debug */,
				F42640892AC5F856008F3C06 /* Release */,
			);
			defaultConfigurationIsVisible = 0;
			defaultConfigurationName = Release;
		};
		F426408A2AC5F856008F3C06 /* Build configuration list for PBXNativeTarget "Food CountUITests" */ = {
			isa = XCConfigurationList;
			buildConfigurations = (
				F426408B2AC5F856008F3C06 /* Debug */,
				F426408C2AC5F856008F3C06 /* Release */,
			);
			defaultConfigurationIsVisible = 0;
			defaultConfigurationName = Release;
		};
/* End XCConfigurationList section */
	};
	rootObject = F42640522AC5F855008F3C06 /* Project object */;
}
